{
  "name": "عقارات",
  "lockfileVersion": 2,
  "requires": true,
  "packages": {
    "": {
      "dependencies": {
        "install": "^0.13.0",
        "lightbox2": "^2.11.3"
      }
    },
    "node_modules/install": {
      "version": "0.13.0",
      "resolved": "https://registry.npmjs.org/install/-/install-0.13.0.tgz",
      "integrity": "sha512-zDml/jzr2PKU9I8J/xyZBQn8rPCAY//UOYNmR01XwNwyfhEWObo2SWfSl1+0tm1u6PhxLwDnfsT/6jB7OUxqFA==",
      "engines": {
        "node": ">= 0.10"
      }
    },
    "node_modules/lightbox2": {
      "version": "2.11.3",
      "resolved": "https://registry.npmjs.org/lightbox2/-/lightbox2-2.11.3.tgz",
      "integrity": "sha512-Q4v6il/OK9ttgEkAxSok/jrI/LUbqTrePFchqP2x/59qaDIZgJjEEc5Xf7peSMc/55Zo5PAgmX6EiN/BeEeUBQ=="
    }
  },
  "dependencies": {
    "install": {
      "version": "0.13.0",
      "resolved": "https://registry.npmjs.org/install/-/install-0.13.0.tgz",
      "integrity": "sha512-zDml/jzr2PKU9I8J/xyZBQn8rPCAY//UOYNmR01XwNwyfhEWObo2SWfSl1+0tm1u6PhxLwDnfsT/6jB7OUxqFA=="
    },
    "lightbox2": {
      "version": "2.11.3",
      "resolved": "https://registry.npmjs.org/lightbox2/-/lightbox2-2.11.3.tgz",
      "integrity": "sha512-Q4v6il/OK9ttgEkAxSok/jrI/LUbqTrePFchqP2x/59qaDIZgJjEEc5Xf7peSMc/55Zo5PAgmX6EiN/BeEeUBQ=="
    }
  }
}
